
Microsoft Visual Studio Solution File, Format Version 12.00
# Visual Studio Version 16
VisualStudioVersion = 16.0.29411.108
MinimumVisualStudioVersion = 10.0.40219.1
Project("{8BC9CEB8-8B4A-11D0-8D11-00A0C91BC942}") = "ArrayReverser", "ArrayReverser\ArrayReverser.vcxproj", "{C50E8322-FF56-4D22-AC91-A907C6CF7546}"
EndProject
Global
	GlobalSection(SolutionConfigurationPlatforms) = preSolution
		Debug|x64 = Debug|x64
		Debug|x86 = Debug|x86
		Release|x64 = Release|x64
		Release|x86 = Release|x86
	EndGlobalSection
	GlobalSection(ProjectConfigurationPlatforms) = postSolution
		{C50E8322-FF56-4D22-AC91-A907C6CF7546}.Debug|x64.ActiveCfg = Debug|x64
		{C50E8322-FF56-4D22-AC91-A907C6CF7546}.Debug|x64.Build.0 = Debug|x64
		{C50E8322-FF56-4D22-AC91-A907C6CF7546}.Debug|x86.ActiveCfg = Debug|Win32
		{C50E8322-FF56-4D22-AC91-A907C6CF7546}.Debug|x86.Build.0 = Debug|Win32
		{C50E8322-FF56-4D22-AC91-A907C6CF7546}.Release|x64.ActiveCfg = Release|x64
		{C50E8322-FF56-4D22-AC91-A907C6CF7546}.Release|x64.Build.0 = Release|x64
		{C50E8322-FF56-4D22-AC91-A907C6CF7546}.Release|x86.ActiveCfg = Release|Win32
		{C50E8322-FF56-4D22-AC91-A907C6CF7546}.Release|x86.Build.0 = Release|Win32
	EndGlobalSection
	GlobalSection(SolutionProperties) = preSolution
		HideSolutionNode = FALSE
	EndGlobalSection
	GlobalSection(ExtensibilityGlobals) = postSolution
		SolutionGuid = {1F92D3BC-36D7-409D-8931-63530D60EEB5}
	EndGlobalSection
EndGlobal
