
Microsoft Visual Studio Solution File, Format Version 12.00
# Visual Studio Version 16
VisualStudioVersion = 16.0.29519.87
MinimumVisualStudioVersion = 10.0.40219.1
Project("{8BC9CEB8-8B4A-11D0-8D11-00A0C91BC942}") = "ConditionCodes", "ConditionCodes\ConditionCodes.vcxproj", "{F4D52FC8-D3BD-45D4-9427-760835825FBC}"
EndProject
Global
	GlobalSection(SolutionConfigurationPlatforms) = preSolution
		Debug|x64 = Debug|x64
		Debug|x86 = Debug|x86
		Release|x64 = Release|x64
		Release|x86 = Release|x86
	EndGlobalSection
	GlobalSection(ProjectConfigurationPlatforms) = postSolution
		{F4D52FC8-D3BD-45D4-9427-760835825FBC}.Debug|x64.ActiveCfg = Debug|x64
		{F4D52FC8-D3BD-45D4-9427-760835825FBC}.Debug|x64.Build.0 = Debug|x64
		{F4D52FC8-D3BD-45D4-9427-760835825FBC}.Debug|x86.ActiveCfg = Debug|Win32
		{F4D52FC8-D3BD-45D4-9427-760835825FBC}.Debug|x86.Build.0 = Debug|Win32
		{F4D52FC8-D3BD-45D4-9427-760835825FBC}.Release|x64.ActiveCfg = Release|x64
		{F4D52FC8-D3BD-45D4-9427-760835825FBC}.Release|x64.Build.0 = Release|x64
		{F4D52FC8-D3BD-45D4-9427-760835825FBC}.Release|x86.ActiveCfg = Release|Win32
		{F4D52FC8-D3BD-45D4-9427-760835825FBC}.Release|x86.Build.0 = Release|Win32
	EndGlobalSection
	GlobalSection(SolutionProperties) = preSolution
		HideSolutionNode = FALSE
	EndGlobalSection
	GlobalSection(ExtensibilityGlobals) = postSolution
		SolutionGuid = {C7A0EF5E-92C2-4904-94DC-A7F99AB9E5EC}
	EndGlobalSection
EndGlobal
