
Microsoft Visual Studio Solution File, Format Version 12.00
# Visual Studio Version 16
VisualStudioVersion = 16.0.29503.13
MinimumVisualStudioVersion = 10.0.40219.1
Project("{8BC9CEB8-8B4A-11D0-8D11-00A0C91BC942}") = "SignDivMul", "SignDivMul\SignDivMul.vcxproj", "{D75D5DF5-905A-49BA-9006-2236C90FD152}"
EndProject
Global
	GlobalSection(SolutionConfigurationPlatforms) = preSolution
		Debug|x64 = Debug|x64
		Debug|x86 = Debug|x86
		Release|x64 = Release|x64
		Release|x86 = Release|x86
	EndGlobalSection
	GlobalSection(ProjectConfigurationPlatforms) = postSolution
		{D75D5DF5-905A-49BA-9006-2236C90FD152}.Debug|x64.ActiveCfg = Debug|x64
		{D75D5DF5-905A-49BA-9006-2236C90FD152}.Debug|x64.Build.0 = Debug|x64
		{D75D5DF5-905A-49BA-9006-2236C90FD152}.Debug|x86.ActiveCfg = Debug|Win32
		{D75D5DF5-905A-49BA-9006-2236C90FD152}.Debug|x86.Build.0 = Debug|Win32
		{D75D5DF5-905A-49BA-9006-2236C90FD152}.Release|x64.ActiveCfg = Release|x64
		{D75D5DF5-905A-49BA-9006-2236C90FD152}.Release|x64.Build.0 = Release|x64
		{D75D5DF5-905A-49BA-9006-2236C90FD152}.Release|x86.ActiveCfg = Release|Win32
		{D75D5DF5-905A-49BA-9006-2236C90FD152}.Release|x86.Build.0 = Release|Win32
	EndGlobalSection
	GlobalSection(SolutionProperties) = preSolution
		HideSolutionNode = FALSE
	EndGlobalSection
	GlobalSection(ExtensibilityGlobals) = postSolution
		SolutionGuid = {80770832-88A2-4523-B0DD-35249693A065}
	EndGlobalSection
EndGlobal
